{"1.1.0",
[{<<"bear">>,
  {git,"git://github.com/boundary/bear.git",
       {ref,"119234548783af19b8ec75c879c5062676b92571"}},
  1},
 {<<"elog">>,
  {git,"https://github.com/soitun/elog.git",
       {ref,"83c30cc703925f68c6bf0c818c5fcc175193a917"}},
  0},
 {<<"evmon">>,
  {git,"https://github.com/soitun/evmon.git",
       {ref,"36e90662ded1c51261fc75715c1bb2c7ab28cbda"}},
  0},
 {<<"extlib">>,
  {git,"https://github.com/leeyisoft/extlib.git",
       {ref,"d8e3a2ef13daca0437d03353d0f631c38d45e843"}},
  0},
 {<<"folsom">>,
  {git,"https://github.com/boundary/folsom.git",
       {ref,"38e2cce7c64ce1f0a3a918d90394cfc0a940b1ba"}},
  0},
 {<<"goldrush">>,{pkg,<<"goldrush">>,<<"0.1.9">>},1},
 {<<"lager">>,
  {git,"https://github.com/erlang-lager/lager.git",
       {ref,"f2e8623396f0a36b878f6f8701c85072bb3159be"}},
  0},
 {<<"meck">>,
  {git,"git://github.com/eproxus/meck",
       {ref,"dde759050eff19a1a80fd854d7375174b191665d"}},
  1},
 {<<"mochiweb">>,
  {git,"https://github.com/mochi/mochiweb.git",
       {ref,"23dc11959affd9b0849c2ac0ff4200c1c82aa80c"}},
  0}]}.
[
{pkg_hash,[
 {<<"goldrush">>, <<"F06E5D5F1277DA5C413E84D5A2924174182FB108DABB39D5EC548B27424CD106">>}]}
].
